
Microsoft Visual Studio Solution File, Format Version 12.00
# Visual Studio Version 16
VisualStudioVersion = 16.0.30406.217
MinimumVisualStudioVersion = 10.0.40219.1
Project("{FAE04EC0-301F-11D3-BF4B-00C04F79EFBC}") = "Are_of_Circle_Method", "Are_of_Circle_Method\Are_of_Circle_Method.csproj", "{5903EF2E-BF6C-44F2-BFFF-999C83EA7D0B}"
EndProject
Global
	GlobalSection(SolutionConfigurationPlatforms) = preSolution
		Debug|Any CPU = Debug|Any CPU
		Release|Any CPU = Release|Any CPU
	EndGlobalSection
	GlobalSection(ProjectConfigurationPlatforms) = postSolution
		{5903EF2E-BF6C-44F2-BFFF-999C83EA7D0B}.Debug|Any CPU.ActiveCfg = Debug|Any CPU
		{5903EF2E-BF6C-44F2-BFFF-999C83EA7D0B}.Debug|Any CPU.Build.0 = Debug|Any CPU
		{5903EF2E-BF6C-44F2-BFFF-999C83EA7D0B}.Release|Any CPU.ActiveCfg = Release|Any CPU
		{5903EF2E-BF6C-44F2-BFFF-999C83EA7D0B}.Release|Any CPU.Build.0 = Release|Any CPU
	EndGlobalSection
	GlobalSection(SolutionProperties) = preSolution
		HideSolutionNode = FALSE
	EndGlobalSection
	GlobalSection(ExtensibilityGlobals) = postSolution
		SolutionGuid = {FE32654A-D4B1-4F6A-8597-624A077826C2}
	EndGlobalSection
EndGlobal
